
Microsoft Visual Studio Solution File, Format Version 12.00
# Visual Studio 15
VisualStudioVersion = 15.0.27130.2027
MinimumVisualStudioVersion = 10.0.40219.1
Project("{FAE04EC0-301F-11D3-BF4B-00C04F79EFBC}") = "appgit.Android", "appgit\appgit.Android\appgit.Android.csproj", "{BE0DA8F5-38E3-465D-B9CB-3055FD097D63}"
EndProject
Project("{FAE04EC0-301F-11D3-BF4B-00C04F79EFBC}") = "appgit", "appgit\appgit\appgit.csproj", "{5ECCC125-0ECF-4258-AF7D-DF8E27DB4891}"
EndProject
Global
	GlobalSection(SolutionConfigurationPlatforms) = preSolution
		Debug|Any CPU = Debug|Any CPU
		Release|Any CPU = Release|Any CPU
	EndGlobalSection
	GlobalSection(ProjectConfigurationPlatforms) = postSolution
		{BE0DA8F5-38E3-465D-B9CB-3055FD097D63}.Debug|Any CPU.ActiveCfg = Debug|Any CPU
		{BE0DA8F5-38E3-465D-B9CB-3055FD097D63}.Debug|Any CPU.Build.0 = Debug|Any CPU
		{BE0DA8F5-38E3-465D-B9CB-3055FD097D63}.Debug|Any CPU.Deploy.0 = Debug|Any CPU
		{BE0DA8F5-38E3-465D-B9CB-3055FD097D63}.Release|Any CPU.ActiveCfg = Release|Any CPU
		{BE0DA8F5-38E3-465D-B9CB-3055FD097D63}.Release|Any CPU.Build.0 = Release|Any CPU
		{BE0DA8F5-38E3-465D-B9CB-3055FD097D63}.Release|Any CPU.Deploy.0 = Release|Any CPU
		{5ECCC125-0ECF-4258-AF7D-DF8E27DB4891}.Debug|Any CPU.ActiveCfg = Debug|Any CPU
		{5ECCC125-0ECF-4258-AF7D-DF8E27DB4891}.Debug|Any CPU.Build.0 = Debug|Any CPU
		{5ECCC125-0ECF-4258-AF7D-DF8E27DB4891}.Release|Any CPU.ActiveCfg = Release|Any CPU
		{5ECCC125-0ECF-4258-AF7D-DF8E27DB4891}.Release|Any CPU.Build.0 = Release|Any CPU
	EndGlobalSection
	GlobalSection(SolutionProperties) = preSolution
		HideSolutionNode = FALSE
	EndGlobalSection
	GlobalSection(ExtensibilityGlobals) = postSolution
		SolutionGuid = {509BA966-03BA-4351-B4B2-6AE928344E0E}
	EndGlobalSection
EndGlobal
